// !$*UTF8*$!
{
	archiveVersion = 1;
	classes = {
	};
	objectVersion = 50;
	objects = {

/* Begin PBXBuildFile section */
		CB4EE5E3208B984D007CD349 /* AppDelegate.swift in Sources */ = {isa = PBXBuildFile; fileRef = CB4EE5E2208B984D007CD349 /* AppDelegate.swift */; };
		CB4EE5E5208B984D007CD349 /* ViewController.swift in Sources */ = {isa = PBXBuildFile; fileRef = CB4EE5E4208B984D007CD349 /* ViewController.swift */; };
		CB4EE5E8208B984D007CD349 /* Main.storyboard in Resources */ = {isa = PBXBuildFile; fileRef = CB4EE5E6208B984D007CD349 /* Main.storyboard */; };
		CB4EE5EA208B984F007CD349 /* Assets.xcassets in Resources */ = {isa = PBXBuildFile; fileRef = CB4EE5E9208B984F007CD349 /* Assets.xcassets */; };
		CB4EE5ED208B984F007CD349 /* LaunchScreen.storyboard in Resources */ = {isa = PBXBuildFile; fileRef = CB4EE5EB208B984F007CD349 /* LaunchScreen.storyboard */; };
		CB4EE5F8208B984F007CD349 /* iosHackRU2018Tests.swift in Sources */ = {isa = PBXBuildFile; fileRef = CB4EE5F7208B984F007CD349 /* iosHackRU2018Tests.swift */; };
		CB4EE603208B984F007CD349 /* iosHackRU2018UITests.swift in Sources */ = {isa = PBXBuildFile; fileRef = CB4EE602208B984F007CD349 /* iosHackRU2018UITests.swift */; };
/* End PBXBuildFile section */

/* Begin PBXContainerItemProxy section */
		CB4EE5F4208B984F007CD349 /* PBXContainerItemProxy */ = {
			isa = PBXContainerItemProxy;
			containerPortal = CB4EE5D7208B984C007CD349 /* Project object */;
			proxyType = 1;
			remoteGlobalIDString = CB4EE5DE208B984C007CD349;
			remoteInfo = iosHackRU2018;
		};
		CB4EE5FF208B984F007CD349 /* PBXContainerItemProxy */ = {
			isa = PBXContainerItemProxy;
			containerPortal = CB4EE5D7208B984C007CD349 /* Project object */;
			proxyType = 1;
			remoteGlobalIDString = CB4EE5DE208B984C007CD349;
			remoteInfo = iosHackRU2018;
		};
/* End PBXContainerItemProxy section */

/* Begin PBXFileReference section */
		CB4EE5DF208B984D007CD349 /* iosHackRU2018.app */ = {isa = PBXFileReference; explicitFileType = wrapper.application; includeInIndex = 0; path = iosHackRU2018.app; sourceTree = BUILT_PRODUCTS_DIR; };
		CB4EE5E2208B984D007CD349 /* AppDelegate.swift */ = {isa = PBXFileReference; lastKnownFileType = sourcecode.swift; path = AppDelegate.swift; sourceTree = "<group>"; };
		CB4EE5E4208B984D007CD349 /* ViewController.swift */ = {isa = PBXFileReference; lastKnownFileType = sourcecode.swift; path = ViewController.swift; sourceTree = "<group>"; };
		CB4EE5E7208B984D007CD349 /* Base */ = {isa = PBXFileReference; lastKnownFileType = file.storyboard; name = Base; path = Base.lproj/Main.storyboard; sourceTree = "<group>"; };
		CB4EE5E9208B984F007CD349 /* Assets.xcassets */ = {isa = PBXFileReference; lastKnownFileType = folder.assetcatalog; path = Assets.xcassets; sourceTree = "<group>"; };
		CB4EE5EC208B984F007CD349 /* Base */ = {isa = PBXFileReference; lastKnownFileType = file.storyboard; name = Base; path = Base.lproj/LaunchScreen.storyboard; sourceTree = "<group>"; };
		CB4EE5EE208B984F007CD349 /* Info.plist */ = {isa = PBXFileReference; lastKnownFileType = text.plist.xml; path = Info.plist; sourceTree = "<group>"; };
		CB4EE5F3208B984F007CD349 /* iosHackRU2018Tests.xctest */ = {isa = PBXFileReference; explicitFileType = wrapper.cfbundle; includeInIndex = 0; path = iosHackRU2018Tests.xctest; sourceTree = BUILT_PRODUCTS_DIR; };
		CB4EE5F7208B984F007CD349 /* iosHackRU2018Tests.swift */ = {isa = PBXFileReference; lastKnownFileType = sourcecode.swift; path = iosHackRU2018Tests.swift; sourceTree = "<group>"; };
		CB4EE5F9208B984F007CD349 /* Info.plist */ = {isa = PBXFileReference; lastKnownFileType = text.plist.xml; path = Info.plist; sourceTree = "<group>"; };
		CB4EE5FE208B984F007CD349 /* iosHackRU2018UITests.xctest */ = {isa = PBXFileReference; explicitFileType = wrapper.cfbundle; includeInIndex = 0; path = iosHackRU2018UITests.xctest; sourceTree = BUILT_PRODUCTS_DIR; };
		CB4EE602208B984F007CD349 /* iosHackRU2018UITests.swift */ = {isa = PBXFileReference; lastKnownFileType = sourcecode.swift; path = iosHackRU2018UITests.swift; sourceTree = "<group>"; };
		CB4EE604208B984F007CD349 /* Info.plist */ = {isa = PBXFileReference; lastKnownFileType = text.plist.xml; path = Info.plist; sourceTree = "<group>"; };
/* End PBXFileReference section */

/* Begin PBXFrameworksBuildPhase section */
		CB4EE5DC208B984C007CD349 /* Frameworks */ = {
			isa = PBXFrameworksBuildPhase;
			buildActionMask = 2147483647;
			files = (
			);
			runOnlyForDeploymentPostprocessing = 0;
		};
		CB4EE5F0208B984F007CD349 /* Frameworks */ = {
			isa = PBXFrameworksBuildPhase;
			buildActionMask = 2147483647;
			files = (
			);
			runOnlyForDeploymentPostprocessing = 0;
		};
		CB4EE5FB208B984F007CD349 /* Frameworks */ = {
			isa = PBXFrameworksBuildPhase;
			buildActionMask = 2147483647;
			files = (
			);
			runOnlyForDeploymentPostprocessing = 0;
		};
/* End PBXFrameworksBuildPhase section */

/* Begin PBXGroup section */
		CB4EE5D6208B984C007CD349 = {
			isa = PBXGroup;
			children = (
				CB4EE5E1208B984D007CD349 /* iosHackRU2018 */,
				CB4EE5F6208B984F007CD349 /* iosHackRU2018Tests */,
				CB4EE601208B984F007CD349 /* iosHackRU2018UITests */,
				CB4EE5E0208B984D007CD349 /* Products */,
			);
			sourceTree = "<group>";
		};
		CB4EE5E0208B984D007CD349 /* Products */ = {
			isa = PBXGroup;
			children = (
				CB4EE5DF208B984D007CD349 /* iosHackRU2018.app */,
				CB4EE5F3208B984F007CD349 /* iosHackRU2018Tests.xctest */,
				CB4EE5FE208B984F007CD349 /* iosHackRU2018UITests.xctest */,
			);
			name = Products;
			sourceTree = "<group>";
		};
		CB4EE5E1208B984D007CD349 /* iosHackRU2018 */ = {
			isa = PBXGroup;
			children = (
				CB4EE5E2208B984D007CD349 /* AppDelegate.swift */,
				CB4EE5E4208B984D007CD349 /* ViewController.swift */,
				CB4EE5E6208B984D007CD349 /* Main.storyboard */,
				CB4EE5E9208B984F007CD349 /* Assets.xcassets */,
				CB4EE5EB208B984F007CD349 /* LaunchScreen.storyboard */,
				CB4EE5EE208B984F007CD349 /* Info.plist */,
			);
			path = iosHackRU2018;
			sourceTree = "<group>";
		};
		CB4EE5F6208B984F007CD349 /* iosHackRU2018Tests */ = {
			isa = PBXGroup;
			children = (
				CB4EE5F7208B984F007CD349 /* iosHackRU2018Tests.swift */,
				CB4EE5F9208B984F007CD349 /* Info.plist */,
			);
			path = iosHackRU2018Tests;
			sourceTree = "<group>";
		};
		CB4EE601208B984F007CD349 /* iosHackRU2018UITests */ = {
			isa = PBXGroup;
			children = (
				CB4EE602208B984F007CD349 /* iosHackRU2018UITests.swift */,
				CB4EE604208B984F007CD349 /* Info.plist */,
			);
			path = iosHackRU2018UITests;
			sourceTree = "<group>";
		};
/* End PBXGroup section */

/* Begin PBXNativeTarget section */
		CB4EE5DE208B984C007CD349 /* iosHackRU2018 */ = {
			isa = PBXNativeTarget;
			buildConfigurationList = CB4EE607208B984F007CD349 /* Build configuration list for PBXNativeTarget "iosHackRU2018" */;
			buildPhases = (
				CB4EE5DB208B984C007CD349 /* Sources */,
				CB4EE5DC208B984C007CD349 /* Frameworks */,
				CB4EE5DD208B984C007CD349 /* Resources */,
			);
			buildRules = (
			);
			dependencies = (
			);
			name = iosHackRU2018;
			productName = iosHackRU2018;
			productReference = CB4EE5DF208B984D007CD349 /* iosHackRU2018.app */;
			productType = "com.apple.product-type.application";
		};
		CB4EE5F2208B984F007CD349 /* iosHackRU2018Tests */ = {
			isa = PBXNativeTarget;
			buildConfigurationList = CB4EE60A208B984F007CD349 /* Build configuration list for PBXNativeTarget "iosHackRU2018Tests" */;
			buildPhases = (
				CB4EE5EF208B984F007CD349 /* Sources */,
				CB4EE5F0208B984F007CD349 /* Frameworks */,
				CB4EE5F1208B984F007CD349 /* Resources */,
			);
			buildRules = (
			);
			dependencies = (
				CB4EE5F5208B984F007CD349 /* PBXTargetDependency */,
			);
			name = iosHackRU2018Tests;
			productName = iosHackRU2018Tests;
			productReference = CB4EE5F3208B984F007CD349 /* iosHackRU2018Tests.xctest */;
			productType = "com.apple.product-type.bundle.unit-test";
		};
		CB4EE5FD208B984F007CD349 /* iosHackRU2018UITests */ = {
			isa = PBXNativeTarget;
			buildConfigurationList = CB4EE60D208B984F007CD349 /* Build configuration list for PBXNativeTarget "iosHackRU2018UITests" */;
			buildPhases = (
				CB4EE5FA208B984F007CD349 /* Sources */,
				CB4EE5FB208B984F007CD349 /* Frameworks */,
				CB4EE5FC208B984F007CD349 /* Resources */,
			);
			buildRules = (
			);
			dependencies = (
				CB4EE600208B984F007CD349 /* PBXTargetDependency */,
			);
			name = iosHackRU2018UITests;
			productName = iosHackRU2018UITests;
			productReference = CB4EE5FE208B984F007CD349 /* iosHackRU2018UITests.xctest */;
			productType = "com.apple.product-type.bundle.ui-testing";
		};
/* End PBXNativeTarget section */

/* Begin PBXProject section */
		CB4EE5D7208B984C007CD349 /* Project object */ = {
			isa = PBXProject;
			attributes = {
				LastSwiftUpdateCheck = 0930;
				LastUpgradeCheck = 0930;
				ORGANIZATIONNAME = "Justin May";
				TargetAttributes = {
					CB4EE5DE208B984C007CD349 = {
						CreatedOnToolsVersion = 9.3;
					};
					CB4EE5F2208B984F007CD349 = {
						CreatedOnToolsVersion = 9.3;
						TestTargetID = CB4EE5DE208B984C007CD349;
					};
					CB4EE5FD208B984F007CD349 = {
						CreatedOnToolsVersion = 9.3;
						TestTargetID = CB4EE5DE208B984C007CD349;
					};
				};
			};
			buildConfigurationList = CB4EE5DA208B984C007CD349 /* Build configuration list for PBXProject "iosHackRU2018" */;
			compatibilityVersion = "Xcode 9.3";
			developmentRegion = en;
			hasScannedForEncodings = 0;
			knownRegions = (
				en,
				Base,
			);
			mainGroup = CB4EE5D6208B984C007CD349;
			productRefGroup = CB4EE5E0208B984D007CD349 /* Products */;
			projectDirPath = "";
			projectRoot = "";
			targets = (
				CB4EE5DE208B984C007CD349 /* iosHackRU2018 */,
				CB4EE5F2208B984F007CD349 /* iosHackRU2018Tests */,
				CB4EE5FD208B984F007CD349 /* iosHackRU2018UITests */,
			);
		};
/* End PBXProject section */

/* Begin PBXResourcesBuildPhase section */
		CB4EE5DD208B984C007CD349 /* Resources */ = {
			isa = PBXResourcesBuildPhase;
			buildActionMask = 2147483647;
			files = (
				CB4EE5ED208B984F007CD349 /* LaunchScreen.storyboard in Resources */,
				CB4EE5EA208B984F007CD349 /* Assets.xcassets in Resources */,
				CB4EE5E8208B984D007CD349 /* Main.storyboard in Resources */,
			);
			runOnlyForDeploymentPostprocessing = 0;
		};
		CB4EE5F1208B984F007CD349 /* Resources */ = {
			isa = PBXResourcesBuildPhase;
			buildActionMask = 2147483647;
			files = (
			);
			runOnlyForDeploymentPostprocessing = 0;
		};
		CB4EE5FC208B984F007CD349 /* Resources */ = {
			isa = PBXResourcesBuildPhase;
			buildActionMask = 2147483647;
			files = (
			);
			runOnlyForDeploymentPostprocessing = 0;
		};
/* End PBXResourcesBuildPhase section */

/* Begin PBXSourcesBuildPhase section */
		CB4EE5DB208B984C007CD349 /* Sources */ = {
			isa = PBXSourcesBuildPhase;
			buildActionMask = 2147483647;
			files = (
				CB4EE5E5208B984D007CD349 /* ViewController.swift in Sources */,
				CB4EE5E3208B984D007CD349 /* AppDelegate.swift in Sources */,
			);
			runOnlyForDeploymentPostprocessing = 0;
		};
		CB4EE5EF208B984F007CD349 /* Sources */ = {
			isa = PBXSourcesBuildPhase;
			buildActionMask = 2147483647;
			files = (
				CB4EE5F8208B984F007CD349 /* iosHackRU2018Tests.swift in Sources */,
			);
			runOnlyForDeploymentPostprocessing = 0;
		};
		CB4EE5FA208B984F007CD349 /* Sources */ = {
			isa = PBXSourcesBuildPhase;
			buildActionMask = 2147483647;
			files = (
				CB4EE603208B984F007CD349 /* iosHackRU2018UITests.swift in Sources */,
			);
			runOnlyForDeploymentPostprocessing = 0;
		};
/* End PBXSourcesBuildPhase section */

/* Begin PBXTargetDependency section */
		CB4EE5F5208B984F007CD349 /* PBXTargetDependency */ = {
			isa = PBXTargetDependency;
			target = CB4EE5DE208B984C007CD349 /* iosHackRU2018 */;
			targetProxy = CB4EE5F4208B984F007CD349 /* PBXContainerItemProxy */;
		};
		CB4EE600208B984F007CD349 /* PBXTargetDependency */ = {
			isa = PBXTargetDependency;
			target = CB4EE5DE208B984C007CD349 /* iosHackRU2018 */;
			targetProxy = CB4EE5FF208B984F007CD349 /* PBXContainerItemProxy */;
		};
/* End PBXTargetDependency section */

/* Begin PBXVariantGroup section */
		CB4EE5E6208B984D007CD349 /* Main.storyboard */ = {
			isa = PBXVariantGroup;
			children = (
				CB4EE5E7208B984D007CD349 /* Base */,
			);
			name = Main.storyboard;
			sourceTree = "<group>";
		};
		CB4EE5EB208B984F007CD349 /* LaunchScreen.storyboard */ = {
			isa = PBXVariantGroup;
			children = (
				CB4EE5EC208B984F007CD349 /* Base */,
			);
			name = LaunchScreen.storyboard;
			sourceTree = "<group>";
		};
/* End PBXVariantGroup section */

/* Begin XCBuildConfiguration section */
		CB4EE605208B984F007CD349 /* Debug */ = {
			isa = XCBuildConfiguration;
			buildSettings = {
				ALWAYS_SEARCH_USER_PATHS = NO;
				CLANG_ANALYZER_NONNULL = YES;
				CLANG_ANALYZER_NUMBER_OBJECT_CONVERSION = YES_AGGRESSIVE;
				CLANG_CXX_LANGUAGE_STANDARD = "gnu++14";
				CLANG_CXX_LIBRARY = "libc++";
				CLANG_ENABLE_MODULES = YES;
				CLANG_ENABLE_OBJC_ARC = YES;
				CLANG_ENABLE_OBJC_WEAK = YES;
				CLANG_WARN_BLOCK_CAPTURE_AUTORELEASING = YES;
				CLANG_WARN_BOOL_CONVERSION = YES;
				CLANG_WARN_COMMA = YES;
				CLANG_WARN_CONSTANT_CONVERSION = YES;
				CLANG_WARN_DEPRECATED_OBJC_IMPLEMENTATIONS = YES;
				CLANG_WARN_DIRECT_OBJC_ISA_USAGE = YES_ERROR;
				CLANG_WARN_DOCUMENTATION_COMMENTS = YES;
				CLANG_WARN_EMPTY_BODY = YES;
				CLANG_WARN_ENUM_CONVERSION = YES;
				CLANG_WARN_INFINITE_RECURSION = YES;
				CLANG_WARN_INT_CONVERSION = YES;
				CLANG_WARN_NON_LITERAL_NULL_CONVERSION = YES;
				CLANG_WARN_OBJC_IMPLICIT_RETAIN_SELF = YES;
				CLANG_WARN_OBJC_LITERAL_CONVERSION = YES;
				CLANG_WARN_OBJC_ROOT_CLASS = YES_ERROR;
				CLANG_WARN_RANGE_LOOP_ANALYSIS = YES;
				CLANG_WARN_STRICT_PROTOTYPES = YES;
				CLANG_WARN_SUSPICIOUS_MOVE = YES;
				CLANG_WARN_UNGUARDED_AVAILABILITY = YES_AGGRESSIVE;
				CLANG_WARN_UNREACHABLE_CODE = YES;
				CLANG_WARN__DUPLICATE_METHOD_MATCH = YES;
				CODE_SIGN_IDENTITY = "iPhone Developer";
				COPY_PHASE_STRIP = NO;
				DEBUG_INFORMATION_FORMAT = dwarf;
				ENABLE_STRICT_OBJC_MSGSEND = YES;
				ENABLE_TESTABILITY = YES;
				GCC_C_LANGUAGE_STANDARD = gnu11;
				GCC_DYNAMIC_NO_PIC = NO;
				GCC_NO_COMMON_BLOCKS = YES;
				GCC_OPTIMIZATION_LEVEL = 0;
				GCC_PREPROCESSOR_DEFINITIONS = (
					"DEBUG=1",
					"$(inherited)",
				);
				GCC_WARN_64_TO_32_BIT_CONVERSION = YES;
				GCC_WARN_ABOUT_RETURN_TYPE = YES_ERROR;
				GCC_WARN_UNDECLARED_SELECTOR = YES;
				GCC_WARN_UNINITIALIZED_AUTOS = YES_AGGRESSIVE;
				GCC_WARN_UNUSED_FUNCTION = YES;
				GCC_WARN_UNUSED_VARIABLE = YES;
				IPHONEOS_DEPLOYMENT_TARGET = 11.3;
				MTL_ENABLE_DEBUG_INFO = YES;
				ONLY_ACTIVE_ARCH = YES;
				SDKROOT = iphoneos;
				SWIFT_ACTIVE_COMPILATION_CONDITIONS = DEBUG;
				SWIFT_OPTIMIZATION_LEVEL = "-Onone";
			};
			name = Debug;
		};
		CB4EE606208B984F007CD349 /* Release */ = {
			isa = XCBuildConfiguration;
			buildSettings = {
				ALWAYS_SEARCH_USER_PATHS = NO;
				CLANG_ANALYZER_NONNULL = YES;
				CLANG_ANALYZER_NUMBER_OBJECT_CONVERSION = YES_AGGRESSIVE;
				CLANG_CXX_LANGUAGE_STANDARD = "gnu++14";
				CLANG_CXX_LIBRARY = "libc++";
				CLANG_ENABLE_MODULES = YES;
				CLANG_ENABLE_OBJC_ARC = YES;
				CLANG_ENABLE_OBJC_WEAK = YES;
				CLANG_WARN_BLOCK_CAPTURE_AUTORELEASING = YES;
				CLANG_WARN_BOOL_CONVERSION = YES;
				CLANG_WARN_COMMA = YES;
				CLANG_WARN_CONSTANT_CONVERSION = YES;
				CLANG_WARN_DEPRECATED_OBJC_IMPLEMENTATIONS = YES;
				CLANG_WARN_DIRECT_OBJC_ISA_USAGE = YES_ERROR;
				CLANG_WARN_DOCUMENTATION_COMMENTS = YES;
				CLANG_WARN_EMPTY_BODY = YES;
				CLANG_WARN_ENUM_CONVERSION = YES;
				CLANG_WARN_INFINITE_RECURSION = YES;
				CLANG_WARN_INT_CONVERSION = YES;
				CLANG_WARN_NON_LITERAL_NULL_CONVERSION = YES;
				CLANG_WARN_OBJC_IMPLICIT_RETAIN_SELF = YES;
				CLANG_WARN_OBJC_LITERAL_CONVERSION = YES;
				CLANG_WARN_OBJC_ROOT_CLASS = YES_ERROR;
				CLANG_WARN_RANGE_LOOP_ANALYSIS = YES;
				CLANG_WARN_STRICT_PROTOTYPES = YES;
				CLANG_WARN_SUSPICIOUS_MOVE = YES;
				CLANG_WARN_UNGUARDED_AVAILABILITY = YES_AGGRESSIVE;
				CLANG_WARN_UNREACHABLE_CODE = YES;
				CLANG_WARN__DUPLICATE_METHOD_MATCH = YES;
				CODE_SIGN_IDENTITY = "iPhone Developer";
				COPY_PHASE_STRIP = NO;
				DEBUG_INFORMATION_FORMAT = "dwarf-with-dsym";
				ENABLE_NS_ASSERTIONS = NO;
				ENABLE_STRICT_OBJC_MSGSEND = YES;
				GCC_C_LANGUAGE_STANDARD = gnu11;
				GCC_NO_COMMON_BLOCKS = YES;
				GCC_WARN_64_TO_32_BIT_CONVERSION = YES;
				GCC_WARN_ABOUT_RETURN_TYPE = YES_ERROR;
				GCC_WARN_UNDECLARED_SELECTOR = YES;
				GCC_WARN_UNINITIALIZED_AUTOS = YES_AGGRESSIVE;
				GCC_WARN_UNUSED_FUNCTION = YES;
				GCC_WARN_UNUSED_VARIABLE = YES;
				IPHONEOS_DEPLOYMENT_TARGET = 11.3;
				MTL_ENABLE_DEBUG_INFO = NO;
				SDKROOT = iphoneos;
				SWIFT_COMPILATION_MODE = wholemodule;
				SWIFT_OPTIMIZATION_LEVEL = "-O";
				VALIDATE_PRODUCT = YES;
			};
			name = Release;
		};
		CB4EE608208B984F007CD349 /* Debug */ = {
			isa = XCBuildConfiguration;
			buildSettings = {
				ASSETCATALOG_COMPILER_APPICON_NAME = AppIcon;
				CODE_SIGN_STYLE = Automatic;
				INFOPLIST_FILE = iosHackRU2018/Info.plist;
				LD_RUNPATH_SEARCH_PATHS = (
					"$(inherited)",
					"@executable_path/Frameworks",
				);
				PRODUCT_BUNDLE_IDENTIFIER = com.example.iosHackRU2018;
				PRODUCT_NAME = "$(TARGET_NAME)";
				SWIFT_VERSION = 4.0;
				TARGETED_DEVICE_FAMILY = "1,2";
			};
			name = Debug;
		};
		CB4EE609208B984F007CD349 /* Release */ = {
			isa = XCBuildConfiguration;
			buildSettings = {
				ASSETCATALOG_COMPILER_APPICON_NAME = AppIcon;
				CODE_SIGN_STYLE = Automatic;
				INFOPLIST_FILE = iosHackRU2018/Info.plist;
				LD_RUNPATH_SEARCH_PATHS = (
					"$(inherited)",
					"@executable_path/Frameworks",
				);
				PRODUCT_BUNDLE_IDENTIFIER = com.example.iosHackRU2018;
				PRODUCT_NAME = "$(TARGET_NAME)";
				SWIFT_VERSION = 4.0;
				TARGETED_DEVICE_FAMILY = "1,2";
			};
			name = Release;
		};
		CB4EE60B208B984F007CD349 /* Debug */ = {
			isa = XCBuildConfiguration;
			buildSettings = {
				ALWAYS_EMBED_SWIFT_STANDARD_LIBRARIES = YES;
				BUNDLE_LOADER = "$(TEST_HOST)";
				CODE_SIGN_STYLE = Automatic;
				INFOPLIST_FILE = iosHackRU2018Tests/Info.plist;
				LD_RUNPATH_SEARCH_PATHS = (
					"$(inherited)",
					"@executable_path/Frameworks",
					"@loader_path/Frameworks",
				);
				PRODUCT_BUNDLE_IDENTIFIER = com.example.iosHackRU2018Tests;
				PRODUCT_NAME = "$(TARGET_NAME)";
				SWIFT_VERSION = 4.0;
				TARGETED_DEVICE_FAMILY = "1,2";
				TEST_HOST = "$(BUILT_PRODUCTS_DIR)/iosHackRU2018.app/iosHackRU2018";
			};
			name = Debug;
		};
		CB4EE60C208B984F007CD349 /* Release */ = {
			isa = XCBuildConfiguration;
			buildSettings = {
				ALWAYS_EMBED_SWIFT_STANDARD_LIBRARIES = YES;
				BUNDLE_LOADER = "$(TEST_HOST)";
				CODE_SIGN_STYLE = Automatic;
				INFOPLIST_FILE = iosHackRU2018Tests/Info.plist;
				LD_RUNPATH_SEARCH_PATHS = (
					"$(inherited)",
					"@executable_path/Frameworks",
					"@loader_path/Frameworks",
				);
				PRODUCT_BUNDLE_IDENTIFIER = com.example.iosHackRU2018Tests;
				PRODUCT_NAME = "$(TARGET_NAME)";
				SWIFT_VERSION = 4.0;
				TARGETED_DEVICE_FAMILY = "1,2";
				TEST_HOST = "$(BUILT_PRODUCTS_DIR)/iosHackRU2018.app/iosHackRU2018";
			};
			name = Release;
		};
		CB4EE60E208B984F007CD349 /* Debug */ = {
			isa = XCBuildConfiguration;
			buildSettings = {
				ALWAYS_EMBED_SWIFT_STANDARD_LIBRARIES = YES;
				CODE_SIGN_STYLE = Automatic;
				INFOPLIST_FILE = iosHackRU2018UITests/Info.plist;
				LD_RUNPATH_SEARCH_PATHS = (
					"$(inherited)",
					"@executable_path/Frameworks",
					"@loader_path/Frameworks",
				);
				PRODUCT_BUNDLE_IDENTIFIER = com.example.iosHackRU2018UITests;
				PRODUCT_NAME = "$(TARGET_NAME)";
				SWIFT_VERSION = 4.0;
				TARGETED_DEVICE_FAMILY = "1,2";
				TEST_TARGET_NAME = iosHackRU2018;
			};
			name = Debug;
		};
		CB4EE60F208B984F007CD349 /* Release */ = {
			isa = XCBuildConfiguration;
			buildSettings = {
				ALWAYS_EMBED_SWIFT_STANDARD_LIBRARIES = YES;
				CODE_SIGN_STYLE = Automatic;
				INFOPLIST_FILE = iosHackRU2018UITests/Info.plist;
				LD_RUNPATH_SEARCH_PATHS = (
					"$(inherited)",
					"@executable_path/Frameworks",
					"@loader_path/Frameworks",
				);
				PRODUCT_BUNDLE_IDENTIFIER = com.example.iosHackRU2018UITests;
				PRODUCT_NAME = "$(TARGET_NAME)";
				SWIFT_VERSION = 4.0;
				TARGETED_DEVICE_FAMILY = "1,2";
				TEST_TARGET_NAME = iosHackRU2018;
			};
			name = Release;
		};
/* End XCBuildConfiguration section */

/* Begin XCConfigurationList section */
		CB4EE5DA208B984C007CD349 /* Build configuration list for PBXProject "iosHackRU2018" */ = {
			isa = XCConfigurationList;
			buildConfigurations = (
				CB4EE605208B984F007CD349 /* Debug */,
				CB4EE606208B984F007CD349 /* Release */,
			);
			defaultConfigurationIsVisible = 0;
			defaultConfigurationName = Release;
		};
		CB4EE607208B984F007CD349 /* Build configuration list for PBXNativeTarget "iosHackRU2018" */ = {
			isa = XCConfigurationList;
			buildConfigurations = (
				CB4EE608208B984F007CD349 /* Debug */,
				CB4EE609208B984F007CD349 /* Release */,
			);
			defaultConfigurationIsVisible = 0;
			defaultConfigurationName = Release;
		};
		CB4EE60A208B984F007CD349 /* Build configuration list for PBXNativeTarget "iosHackRU2018Tests" */ = {
			isa = XCConfigurationList;
			buildConfigurations = (
				CB4EE60B208B984F007CD349 /* Debug */,
				CB4EE60C208B984F007CD349 /* Release */,
			);
			defaultConfigurationIsVisible = 0;
			defaultConfigurationName = Release;
		};
		CB4EE60D208B984F007CD349 /* Build configuration list for PBXNativeTarget "iosHackRU2018UITests" */ = {
			isa = XCConfigurationList;
			buildConfigurations = (
				CB4EE60E208B984F007CD349 /* Debug */,
				CB4EE60F208B984F007CD349 /* Release */,
			);
			defaultConfigurationIsVisible = 0;
			defaultConfigurationName = Release;
		};
/* End XCConfigurationList section */
	};
	rootObject = CB4EE5D7208B984C007CD349 /* Project object */;
}
